
Microsoft Visual Studio Solution File, Format Version 11.00
# Visual Studio 2010
Project("{FAE04EC0-301F-11D3-BF4B-00C04F79EFBC}") = "FootBallMatch", "FootBallMatch\FootBallMatch.csproj", "{DBCA31AB-5164-49D3-B700-A1A7738B398A}"
EndProject
Global
	GlobalSection(SolutionConfigurationPlatforms) = preSolution
		Debug|x86 = Debug|x86
		Release|x86 = Release|x86
	EndGlobalSection
	GlobalSection(ProjectConfigurationPlatforms) = postSolution
		{DBCA31AB-5164-49D3-B700-A1A7738B398A}.Debug|x86.ActiveCfg = Debug|x86
		{DBCA31AB-5164-49D3-B700-A1A7738B398A}.Debug|x86.Build.0 = Debug|x86
		{DBCA31AB-5164-49D3-B700-A1A7738B398A}.Release|x86.ActiveCfg = Release|x86
		{DBCA31AB-5164-49D3-B700-A1A7738B398A}.Release|x86.Build.0 = Release|x86
	EndGlobalSection
	GlobalSection(SolutionProperties) = preSolution
		HideSolutionNode = FALSE
	EndGlobalSection
EndGlobal
